
Microsoft Visual Studio Solution File, Format Version 12.00
# Visual Studio 14
VisualStudioVersion = 14.0.25123.0
MinimumVisualStudioVersion = 10.0.40219.1
Project("{8BC9CEB8-8B4A-11D0-8D11-00A0C91BC942}") = "optipng", "optipng.vcxproj", "{B0815A53-058F-4D66-B911-7AB0AF8CB921}"
EndProject
Project("{8BC9CEB8-8B4A-11D0-8D11-00A0C91BC942}") = "optipng.net", "optipng.net\optipng.net.vcxproj", "{598975A0-829D-499B-BA42-B5B26CF5C950}"
EndProject
Project("{FAE04EC0-301F-11D3-BF4B-00C04F79EFBC}") = "ConsoleOptiPng", "ConsoleOptiPng\ConsoleOptiPng.csproj", "{4A508443-5BFB-41A4-A827-E2E72134AE79}"
EndProject
Global
	GlobalSection(SolutionConfigurationPlatforms) = preSolution
		Debug|Any CPU = Debug|Any CPU
		Debug|x64 = Debug|x64
		Debug|x86 = Debug|x86
		Release|Any CPU = Release|Any CPU
		Release|x64 = Release|x64
		Release|x86 = Release|x86
	EndGlobalSection
	GlobalSection(ProjectConfigurationPlatforms) = postSolution
		{B0815A53-058F-4D66-B911-7AB0AF8CB921}.Debug|Any CPU.ActiveCfg = Debug|Win32
		{B0815A53-058F-4D66-B911-7AB0AF8CB921}.Debug|x64.ActiveCfg = Debug|x64
		{B0815A53-058F-4D66-B911-7AB0AF8CB921}.Debug|x64.Build.0 = Debug|x64
		{B0815A53-058F-4D66-B911-7AB0AF8CB921}.Debug|x86.ActiveCfg = Debug|Win32
		{B0815A53-058F-4D66-B911-7AB0AF8CB921}.Debug|x86.Build.0 = Debug|Win32
		{B0815A53-058F-4D66-B911-7AB0AF8CB921}.Release|Any CPU.ActiveCfg = Release|Win32
		{B0815A53-058F-4D66-B911-7AB0AF8CB921}.Release|x64.ActiveCfg = Release|x64
		{B0815A53-058F-4D66-B911-7AB0AF8CB921}.Release|x64.Build.0 = Release|x64
		{B0815A53-058F-4D66-B911-7AB0AF8CB921}.Release|x86.ActiveCfg = Release|Win32
		{B0815A53-058F-4D66-B911-7AB0AF8CB921}.Release|x86.Build.0 = Release|Win32
		{598975A0-829D-499B-BA42-B5B26CF5C950}.Debug|Any CPU.ActiveCfg = Debug|Win32
		{598975A0-829D-499B-BA42-B5B26CF5C950}.Debug|x64.ActiveCfg = Debug|x64
		{598975A0-829D-499B-BA42-B5B26CF5C950}.Debug|x64.Build.0 = Debug|x64
		{598975A0-829D-499B-BA42-B5B26CF5C950}.Debug|x86.ActiveCfg = Debug|Win32
		{598975A0-829D-499B-BA42-B5B26CF5C950}.Debug|x86.Build.0 = Debug|Win32
		{598975A0-829D-499B-BA42-B5B26CF5C950}.Release|Any CPU.ActiveCfg = Release|Win32
		{598975A0-829D-499B-BA42-B5B26CF5C950}.Release|x64.ActiveCfg = Release|x64
		{598975A0-829D-499B-BA42-B5B26CF5C950}.Release|x64.Build.0 = Release|x64
		{598975A0-829D-499B-BA42-B5B26CF5C950}.Release|x86.ActiveCfg = Release|Win32
		{598975A0-829D-499B-BA42-B5B26CF5C950}.Release|x86.Build.0 = Release|Win32
		{4A508443-5BFB-41A4-A827-E2E72134AE79}.Debug|Any CPU.ActiveCfg = Debug|Any CPU
		{4A508443-5BFB-41A4-A827-E2E72134AE79}.Debug|Any CPU.Build.0 = Debug|Any CPU
		{4A508443-5BFB-41A4-A827-E2E72134AE79}.Debug|x64.ActiveCfg = Debug|Any CPU
		{4A508443-5BFB-41A4-A827-E2E72134AE79}.Debug|x64.Build.0 = Debug|Any CPU
		{4A508443-5BFB-41A4-A827-E2E72134AE79}.Debug|x86.ActiveCfg = Debug|Any CPU
		{4A508443-5BFB-41A4-A827-E2E72134AE79}.Debug|x86.Build.0 = Debug|Any CPU
		{4A508443-5BFB-41A4-A827-E2E72134AE79}.Release|Any CPU.ActiveCfg = Release|Any CPU
		{4A508443-5BFB-41A4-A827-E2E72134AE79}.Release|Any CPU.Build.0 = Release|Any CPU
		{4A508443-5BFB-41A4-A827-E2E72134AE79}.Release|x64.ActiveCfg = Release|Any CPU
		{4A508443-5BFB-41A4-A827-E2E72134AE79}.Release|x64.Build.0 = Release|Any CPU
		{4A508443-5BFB-41A4-A827-E2E72134AE79}.Release|x86.ActiveCfg = Release|Any CPU
		{4A508443-5BFB-41A4-A827-E2E72134AE79}.Release|x86.Build.0 = Release|Any CPU
	EndGlobalSection
	GlobalSection(SolutionProperties) = preSolution
		HideSolutionNode = FALSE
	EndGlobalSection
EndGlobal
